
Microsoft Visual Studio Solution File, Format Version 12.00
# Visual Studio Version 17
VisualStudioVersion = 17.6.33829.357
MinimumVisualStudioVersion = 10.0.40219.1
Project("{FAE04EC0-301F-11D3-BF4B-00C04F79EFBC}") = "ValidaContatoApi", "ValidaContatoApi\ValidaContatoApi.csproj", "{5F1AD39E-F294-43A3-8D81-E024A53B615C}"
EndProject
Project("{FAE04EC0-301F-11D3-BF4B-00C04F79EFBC}") = "ValidaContatoApi.Business", "ValidaContatoApi.Business\ValidaContatoApi.Business.csproj", "{92EB0C9B-21BF-48DB-A75A-9DD6D3AB7DBD}"
EndProject
Project("{FAE04EC0-301F-11D3-BF4B-00C04F79EFBC}") = "ValidaContatoApi.Data", "ValidaContatoApi.Data\ValidaContatoApi.Data.csproj", "{AAED4118-3F0E-4E1B-8A05-E3C73D5FCFFD}"
EndProject
Project("{FAE04EC0-301F-11D3-BF4B-00C04F79EFBC}") = "ValidaContatoApi.Domain", "ValidaContatoApi.Domain\ValidaContatoApi.Domain.csproj", "{19243868-F7C6-4F90-A52C-85D079C40221}"
EndProject
Project("{FAE04EC0-301F-11D3-BF4B-00C04F79EFBC}") = "ValidaContatoApi.Tests", "ValidaContatoApi.Tests\ValidaContatoApi.Tests.csproj", "{04B275CF-0369-40FD-9D91-AC1B9CF447DD}"
EndProject
Global
	GlobalSection(SolutionConfigurationPlatforms) = preSolution
		Debug|Any CPU = Debug|Any CPU
		Release|Any CPU = Release|Any CPU
	EndGlobalSection
	GlobalSection(ProjectConfigurationPlatforms) = postSolution
		{5F1AD39E-F294-43A3-8D81-E024A53B615C}.Debug|Any CPU.ActiveCfg = Debug|Any CPU
		{5F1AD39E-F294-43A3-8D81-E024A53B615C}.Debug|Any CPU.Build.0 = Debug|Any CPU
		{5F1AD39E-F294-43A3-8D81-E024A53B615C}.Release|Any CPU.ActiveCfg = Release|Any CPU
		{5F1AD39E-F294-43A3-8D81-E024A53B615C}.Release|Any CPU.Build.0 = Release|Any CPU
		{92EB0C9B-21BF-48DB-A75A-9DD6D3AB7DBD}.Debug|Any CPU.ActiveCfg = Debug|Any CPU
		{92EB0C9B-21BF-48DB-A75A-9DD6D3AB7DBD}.Debug|Any CPU.Build.0 = Debug|Any CPU
		{92EB0C9B-21BF-48DB-A75A-9DD6D3AB7DBD}.Release|Any CPU.ActiveCfg = Release|Any CPU
		{92EB0C9B-21BF-48DB-A75A-9DD6D3AB7DBD}.Release|Any CPU.Build.0 = Release|Any CPU
		{AAED4118-3F0E-4E1B-8A05-E3C73D5FCFFD}.Debug|Any CPU.ActiveCfg = Debug|Any CPU
		{AAED4118-3F0E-4E1B-8A05-E3C73D5FCFFD}.Debug|Any CPU.Build.0 = Debug|Any CPU
		{AAED4118-3F0E-4E1B-8A05-E3C73D5FCFFD}.Release|Any CPU.ActiveCfg = Release|Any CPU
		{AAED4118-3F0E-4E1B-8A05-E3C73D5FCFFD}.Release|Any CPU.Build.0 = Release|Any CPU
		{19243868-F7C6-4F90-A52C-85D079C40221}.Debug|Any CPU.ActiveCfg = Debug|Any CPU
		{19243868-F7C6-4F90-A52C-85D079C40221}.Debug|Any CPU.Build.0 = Debug|Any CPU
		{19243868-F7C6-4F90-A52C-85D079C40221}.Release|Any CPU.ActiveCfg = Release|Any CPU
		{19243868-F7C6-4F90-A52C-85D079C40221}.Release|Any CPU.Build.0 = Release|Any CPU
		{04B275CF-0369-40FD-9D91-AC1B9CF447DD}.Debug|Any CPU.ActiveCfg = Debug|Any CPU
		{04B275CF-0369-40FD-9D91-AC1B9CF447DD}.Debug|Any CPU.Build.0 = Debug|Any CPU
		{04B275CF-0369-40FD-9D91-AC1B9CF447DD}.Release|Any CPU.ActiveCfg = Release|Any CPU
		{04B275CF-0369-40FD-9D91-AC1B9CF447DD}.Release|Any CPU.Build.0 = Release|Any CPU
	EndGlobalSection
	GlobalSection(SolutionProperties) = preSolution
		HideSolutionNode = FALSE
	EndGlobalSection
	GlobalSection(ExtensibilityGlobals) = postSolution
		SolutionGuid = {DEC8CBBC-6015-4B3B-9C94-879062853CCE}
	EndGlobalSection
EndGlobal
